
Microsoft Visual Studio Solution File, Format Version 12.00
# Visual Studio 2012
Project("{FAE04EC0-301F-11D3-BF4B-00C04F79EFBC}") = "NetworkSimulationApp", "NetworkSimulationApp\NetworkSimulationApp.csproj", "{60FD6BB6-3CFE-4C20-8C5A-D8C9C8399699}"
EndProject
Global
	GlobalSection(SolutionConfigurationPlatforms) = preSolution
		Debug|Any CPU = Debug|Any CPU
		Release|Any CPU = Release|Any CPU
	EndGlobalSection
	GlobalSection(ProjectConfigurationPlatforms) = postSolution
		{60FD6BB6-3CFE-4C20-8C5A-D8C9C8399699}.Debug|Any CPU.ActiveCfg = Debug|Any CPU
		{60FD6BB6-3CFE-4C20-8C5A-D8C9C8399699}.Debug|Any CPU.Build.0 = Debug|Any CPU
		{60FD6BB6-3CFE-4C20-8C5A-D8C9C8399699}.Release|Any CPU.ActiveCfg = Release|Any CPU
		{60FD6BB6-3CFE-4C20-8C5A-D8C9C8399699}.Release|Any CPU.Build.0 = Release|Any CPU
	EndGlobalSection
	GlobalSection(SolutionProperties) = preSolution
		HideSolutionNode = FALSE
	EndGlobalSection
EndGlobal
